
Microsoft Visual Studio Solution File, Format Version 12.00
# Visual Studio 15
VisualStudioVersion = 15.0.27703.2000
MinimumVisualStudioVersion = 10.0.40219.1
Project("{FAE04EC0-301F-11D3-BF4B-00C04F79EFBC}") = "Plotter", "Plotter\Plotter.csproj", "{241216CD-2410-4007-B9E8-DBEAB86E9CEC}"
EndProject
Global
	GlobalSection(SolutionConfigurationPlatforms) = preSolution
		Debug|Any CPU = Debug|Any CPU
		Release|Any CPU = Release|Any CPU
	EndGlobalSection
	GlobalSection(ProjectConfigurationPlatforms) = postSolution
		{241216CD-2410-4007-B9E8-DBEAB86E9CEC}.Debug|Any CPU.ActiveCfg = Debug|Any CPU
		{241216CD-2410-4007-B9E8-DBEAB86E9CEC}.Debug|Any CPU.Build.0 = Debug|Any CPU
		{241216CD-2410-4007-B9E8-DBEAB86E9CEC}.Release|Any CPU.ActiveCfg = Release|Any CPU
		{241216CD-2410-4007-B9E8-DBEAB86E9CEC}.Release|Any CPU.Build.0 = Release|Any CPU
	EndGlobalSection
	GlobalSection(SolutionProperties) = preSolution
		HideSolutionNode = FALSE
	EndGlobalSection
	GlobalSection(ExtensibilityGlobals) = postSolution
		SolutionGuid = {BE8816B8-ADD5-4F60-B21E-37659086FBC7}
	EndGlobalSection
EndGlobal
